// !$*UTF8*$!
{
	archiveVersion = 1;
	classes = {
	};
	objectVersion = 52;
	objects = {

/* Begin PBXBuildFile section */
		2150E089246893AB0056B07D /* AppReducer.swift in Sources */ = {isa = PBXBuildFile; fileRef = 211EBB8C24688DF200FEB2ED /* AppReducer.swift */; };
		2150E08A246893C80056B07D /* TimerBottom.swift in Sources */ = {isa = PBXBuildFile; fileRef = 21809C3E242FB3D600AEED4B /* TimerBottom.swift */; };
		2150E08B246893E10056B07D /* ListView.swift in Sources */ = {isa = PBXBuildFile; fileRef = D0B5422B22F7213800A0D90D /* ListView.swift */; };
		21809C3D242FA26200AEED4B /* CasePaths in Frameworks */ = {isa = PBXBuildFile; productRef = 21809C3C242FA26200AEED4B /* CasePaths */; };
		21CE37162369F0CA00DBCD53 /* TextView.swift in Sources */ = {isa = PBXBuildFile; fileRef = 21CE37152369F0CA00DBCD53 /* TextView.swift */; };
		21EF5442249560CA00D07AEC /* ComposableArchitecture in Frameworks */ = {isa = PBXBuildFile; productRef = 21EF5441249560CA00D07AEC /* ComposableArchitecture */; };
		21EF5444249574DC00D07AEC /* AVComposition.swift in Sources */ = {isa = PBXBuildFile; fileRef = 21EF5443249574DC00D07AEC /* AVComposition.swift */; };
		21F5DFCA2364ACDC00C10E23 /* EditEntryView.swift in Sources */ = {isa = PBXBuildFile; fileRef = 21F5DFC92364ACDC00C10E23 /* EditEntryView.swift */; };
		21F5DFCC2364B8F900C10E23 /* ListItemView.swift in Sources */ = {isa = PBXBuildFile; fileRef = 21F5DFCB2364B8F900C10E23 /* ListItemView.swift */; };
		21F75840236C696A00EBB6AB /* PrepView.swift in Sources */ = {isa = PBXBuildFile; fileRef = 21F7583F236C696A00EBB6AB /* PrepView.swift */; };
		21F94EA72485CCCC00239523 /* Strong_KarmaTests.swift in Sources */ = {isa = PBXBuildFile; fileRef = 21F94EA62485CCCC00239523 /* Strong_KarmaTests.swift */; };
		D00790E3232EBF8B00C2370F /* MiscViews.swift in Sources */ = {isa = PBXBuildFile; fileRef = D00790E2232EBF8B00C2370F /* MiscViews.swift */; };
		D03780F3278128F100585CB4 /* Models in Frameworks */ = {isa = PBXBuildFile; productRef = D03780F2278128F100585CB4 /* Models */; };
		D03780F52781303800585CB4 /* PickerFeature in Frameworks */ = {isa = PBXBuildFile; productRef = D03780F42781303800585CB4 /* PickerFeature */; };
		D03780F827816B7D00585CB4 /* ComposableUserNotifications in Frameworks */ = {isa = PBXBuildFile; productRef = D03780F727816B7D00585CB4 /* ComposableUserNotifications */; };
		D0ABD9DE2311BF3B0092698C /* bell.caf in Resources */ = {isa = PBXBuildFile; fileRef = D0ABD9DD2311BC390092698C /* bell.caf */; };
		D0ABD9E1231215310092698C /* Type.swift in Sources */ = {isa = PBXBuildFile; fileRef = D0ABD9E0231215310092698C /* Type.swift */; };
		D0B5422822F7213800A0D90D /* AppDelegate.swift in Sources */ = {isa = PBXBuildFile; fileRef = D0B5422722F7213800A0D90D /* AppDelegate.swift */; };
		D0B5422A22F7213800A0D90D /* SceneDelegate.swift in Sources */ = {isa = PBXBuildFile; fileRef = D0B5422922F7213800A0D90D /* SceneDelegate.swift */; };
		D0B5422E22F7213A00A0D90D /* Assets.xcassets in Resources */ = {isa = PBXBuildFile; fileRef = D0B5422D22F7213A00A0D90D /* Assets.xcassets */; };
		D0B5423122F7213A00A0D90D /* Preview Assets.xcassets in Resources */ = {isa = PBXBuildFile; fileRef = D0B5423022F7213A00A0D90D /* Preview Assets.xcassets */; };
		D0B5423422F7213A00A0D90D /* LaunchScreen.storyboard in Resources */ = {isa = PBXBuildFile; fileRef = D0B5423222F7213A00A0D90D /* LaunchScreen.storyboard */; };
		D0B5424022F78F9D00A0D90D /* meditationsData.json in Resources */ = {isa = PBXBuildFile; fileRef = D0B5423F22F78B6900A0D90D /* meditationsData.json */; };
		D0B5424222F9FBED00A0D90D /* 91196__surly__buddhist-prayer-bell.wav in Resources */ = {isa = PBXBuildFile; fileRef = D0B5424122F9FBED00A0D90D /* 91196__surly__buddhist-prayer-bell.wav */; };
		D0B5424422FA693800A0D90D /* 91196__surly__buddhist-prayer-bell-cut.wav in Resources */ = {isa = PBXBuildFile; fileRef = D0B5424322FA693800A0D90D /* 91196__surly__buddhist-prayer-bell-cut.wav */; };
		D0D0967B231360500066CE66 /* Current.swift in Sources */ = {isa = PBXBuildFile; fileRef = D0D0967A231360500066CE66 /* Current.swift */; };
/* End PBXBuildFile section */

/* Begin PBXContainerItemProxy section */
		21F94EA92485CCCC00239523 /* PBXContainerItemProxy */ = {
			isa = PBXContainerItemProxy;
			containerPortal = D0B5421C22F7213800A0D90D /* Project object */;
			proxyType = 1;
			remoteGlobalIDString = D0B5422322F7213800A0D90D;
			remoteInfo = "Strong Karma";
		};
/* End PBXContainerItemProxy section */

/* Begin PBXCopyFilesBuildPhase section */
		2115CED72495546000190F42 /* Embed Frameworks */ = {
			isa = PBXCopyFilesBuildPhase;
			buildActionMask = 2147483647;
			dstPath = "";
			dstSubfolderSpec = 10;
			files = (
			);
			name = "Embed Frameworks";
			runOnlyForDeploymentPostprocessing = 0;
		};
		21B0951824620BA300C2994C /* Embed Frameworks */ = {
			isa = PBXCopyFilesBuildPhase;
			buildActionMask = 2147483647;
			dstPath = "";
			dstSubfolderSpec = 10;
			files = (
			);
			name = "Embed Frameworks";
			runOnlyForDeploymentPostprocessing = 0;
		};
/* End PBXCopyFilesBuildPhase section */

/* Begin PBXFileReference section */
		211EBB8C24688DF200FEB2ED /* AppReducer.swift */ = {isa = PBXFileReference; lastKnownFileType = sourcecode.swift; path = AppReducer.swift; sourceTree = "<group>"; };
		21809C3E242FB3D600AEED4B /* TimerBottom.swift */ = {isa = PBXFileReference; lastKnownFileType = sourcecode.swift; path = TimerBottom.swift; sourceTree = "<group>"; };
		21CE37152369F0CA00DBCD53 /* TextView.swift */ = {isa = PBXFileReference; lastKnownFileType = sourcecode.swift; path = TextView.swift; sourceTree = "<group>"; };
		21EF5443249574DC00D07AEC /* AVComposition.swift */ = {isa = PBXFileReference; lastKnownFileType = sourcecode.swift; name = AVComposition.swift; path = "Strong KarmaTests/AVComposition.swift"; sourceTree = SOURCE_ROOT; };
		21EF54452495858F00D07AEC /* AVPlayground.playground */ = {isa = PBXFileReference; lastKnownFileType = file.playground; name = AVPlayground.playground; path = ../../AVPlayground.playground; sourceTree = "<group>"; xcLanguageSpecificationIdentifier = xcode.lang.swift; };
		21F5DFC92364ACDC00C10E23 /* EditEntryView.swift */ = {isa = PBXFileReference; lastKnownFileType = sourcecode.swift; path = EditEntryView.swift; sourceTree = "<group>"; };
		21F5DFCB2364B8F900C10E23 /* ListItemView.swift */ = {isa = PBXFileReference; lastKnownFileType = sourcecode.swift; path = ListItemView.swift; sourceTree = "<group>"; };
		21F7583F236C696A00EBB6AB /* PrepView.swift */ = {isa = PBXFileReference; lastKnownFileType = sourcecode.swift; path = PrepView.swift; sourceTree = "<group>"; };
		21F94EA42485CCCC00239523 /* Strong KarmaTests.xctest */ = {isa = PBXFileReference; explicitFileType = wrapper.cfbundle; includeInIndex = 0; path = "Strong KarmaTests.xctest"; sourceTree = BUILT_PRODUCTS_DIR; };
		21F94EA62485CCCC00239523 /* Strong_KarmaTests.swift */ = {isa = PBXFileReference; lastKnownFileType = sourcecode.swift; path = Strong_KarmaTests.swift; sourceTree = "<group>"; };
		21F94EA82485CCCC00239523 /* Info.plist */ = {isa = PBXFileReference; lastKnownFileType = text.plist.xml; path = Info.plist; sourceTree = "<group>"; };
		D00790E2232EBF8B00C2370F /* MiscViews.swift */ = {isa = PBXFileReference; lastKnownFileType = sourcecode.swift; path = MiscViews.swift; sourceTree = "<group>"; };
		D03780F1278126C400585CB4 /* Strong Karma Folder */ = {isa = PBXFileReference; lastKnownFileType = wrapper; name = "Strong Karma Folder"; path = ..; sourceTree = "<group>"; };
		D0ABD9DD2311BC390092698C /* bell.caf */ = {isa = PBXFileReference; lastKnownFileType = file; path = bell.caf; sourceTree = "<group>"; };
		D0ABD9DF2311E5680092698C /* Testing.playground */ = {isa = PBXFileReference; lastKnownFileType = file.playground; path = Testing.playground; sourceTree = "<group>"; xcLanguageSpecificationIdentifier = xcode.lang.swift; };
		D0ABD9E0231215310092698C /* Type.swift */ = {isa = PBXFileReference; lastKnownFileType = sourcecode.swift; path = Type.swift; sourceTree = "<group>"; };
		D0B5422422F7213800A0D90D /* Strong Karma.app */ = {isa = PBXFileReference; explicitFileType = wrapper.application; includeInIndex = 0; path = "Strong Karma.app"; sourceTree = BUILT_PRODUCTS_DIR; };
		D0B5422722F7213800A0D90D /* AppDelegate.swift */ = {isa = PBXFileReference; lastKnownFileType = sourcecode.swift; path = AppDelegate.swift; sourceTree = "<group>"; };
		D0B5422922F7213800A0D90D /* SceneDelegate.swift */ = {isa = PBXFileReference; lastKnownFileType = sourcecode.swift; path = SceneDelegate.swift; sourceTree = "<group>"; };
		D0B5422B22F7213800A0D90D /* ListView.swift */ = {isa = PBXFileReference; lastKnownFileType = sourcecode.swift; path = ListView.swift; sourceTree = "<group>"; };
		D0B5422D22F7213A00A0D90D /* Assets.xcassets */ = {isa = PBXFileReference; lastKnownFileType = folder.assetcatalog; path = Assets.xcassets; sourceTree = "<group>"; };
		D0B5423022F7213A00A0D90D /* Preview Assets.xcassets */ = {isa = PBXFileReference; lastKnownFileType = folder.assetcatalog; path = "Preview Assets.xcassets"; sourceTree = "<group>"; };
		D0B5423322F7213A00A0D90D /* Base */ = {isa = PBXFileReference; lastKnownFileType = file.storyboard; name = Base; path = Base.lproj/LaunchScreen.storyboard; sourceTree = "<group>"; };
		D0B5423522F7213A00A0D90D /* Info.plist */ = {isa = PBXFileReference; lastKnownFileType = text.plist.xml; path = Info.plist; sourceTree = "<group>"; };
		D0B5423F22F78B6900A0D90D /* meditationsData.json */ = {isa = PBXFileReference; lastKnownFileType = text.json; path = meditationsData.json; sourceTree = "<group>"; };
		D0B5424122F9FBED00A0D90D /* 91196__surly__buddhist-prayer-bell.wav */ = {isa = PBXFileReference; lastKnownFileType = audio.wav; path = "91196__surly__buddhist-prayer-bell.wav"; sourceTree = "<group>"; };
		D0B5424322FA693800A0D90D /* 91196__surly__buddhist-prayer-bell-cut.wav */ = {isa = PBXFileReference; lastKnownFileType = audio.wav; path = "91196__surly__buddhist-prayer-bell-cut.wav"; sourceTree = "<group>"; };
		D0D0967A231360500066CE66 /* Current.swift */ = {isa = PBXFileReference; lastKnownFileType = sourcecode.swift; path = Current.swift; sourceTree = "<group>"; };
/* End PBXFileReference section */

/* Begin PBXFrameworksBuildPhase section */
		21F94EA12485CCCC00239523 /* Frameworks */ = {
			isa = PBXFrameworksBuildPhase;
			buildActionMask = 2147483647;
			files = (
			);
			runOnlyForDeploymentPostprocessing = 0;
		};
		D0B5422122F7213800A0D90D /* Frameworks */ = {
			isa = PBXFrameworksBuildPhase;
			buildActionMask = 2147483647;
			files = (
				D03780F3278128F100585CB4 /* Models in Frameworks */,
				21EF5442249560CA00D07AEC /* ComposableArchitecture in Frameworks */,
				21809C3D242FA26200AEED4B /* CasePaths in Frameworks */,
				D03780F827816B7D00585CB4 /* ComposableUserNotifications in Frameworks */,
				D03780F52781303800585CB4 /* PickerFeature in Frameworks */,
			);
			runOnlyForDeploymentPostprocessing = 0;
		};
/* End PBXFrameworksBuildPhase section */

/* Begin PBXGroup section */
		21CE37172369F0CF00DBCD53 /* Supplimental Views */ = {
			isa = PBXGroup;
			children = (
				21CE37152369F0CA00DBCD53 /* TextView.swift */,
			);
			path = "Supplimental Views";
			sourceTree = "<group>";
		};
		21F75841236C734E00EBB6AB /* Subviews */ = {
			isa = PBXGroup;
			children = (
				D00790E2232EBF8B00C2370F /* MiscViews.swift */,
				21F5DFCB2364B8F900C10E23 /* ListItemView.swift */,
				21F7583F236C696A00EBB6AB /* PrepView.swift */,
			);
			path = Subviews;
			sourceTree = "<group>";
		};
		21F75842236C752E00EBB6AB /* Views */ = {
			isa = PBXGroup;
			children = (
				211EBB8C24688DF200FEB2ED /* AppReducer.swift */,
				D0B5422B22F7213800A0D90D /* ListView.swift */,
				21809C3E242FB3D600AEED4B /* TimerBottom.swift */,
				21F5DFC92364ACDC00C10E23 /* EditEntryView.swift */,
				D0ABD9E0231215310092698C /* Type.swift */,
				21CE37172369F0CF00DBCD53 /* Supplimental Views */,
				21F75841236C734E00EBB6AB /* Subviews */,
			);
			path = Views;
			sourceTree = "<group>";
		};
		21F94EA52485CCCC00239523 /* Strong KarmaTests */ = {
			isa = PBXGroup;
			children = (
				21F94EA62485CCCC00239523 /* Strong_KarmaTests.swift */,
				21F94EA82485CCCC00239523 /* Info.plist */,
			);
			path = "Strong KarmaTests";
			sourceTree = "<group>";
		};
		21F94EAE2485CD7700239523 /* Frameworks */ = {
			isa = PBXGroup;
			children = (
			);
			name = Frameworks;
			sourceTree = "<group>";
		};
		D0B5421B22F7213800A0D90D = {
			isa = PBXGroup;
			children = (
				D03780F1278126C400585CB4 /* Strong Karma Folder */,
				D0B5422622F7213800A0D90D /* Strong Karma */,
				21F94EA52485CCCC00239523 /* Strong KarmaTests */,
				D0B5422522F7213800A0D90D /* Products */,
				21F94EAE2485CD7700239523 /* Frameworks */,
			);
			sourceTree = "<group>";
		};
		D0B5422522F7213800A0D90D /* Products */ = {
			isa = PBXGroup;
			children = (
				D0B5422422F7213800A0D90D /* Strong Karma.app */,
				21F94EA42485CCCC00239523 /* Strong KarmaTests.xctest */,
			);
			name = Products;
			sourceTree = "<group>";
		};
		D0B5422622F7213800A0D90D /* Strong Karma */ = {
			isa = PBXGroup;
			children = (
				21EF54452495858F00D07AEC /* AVPlayground.playground */,
				21EF5443249574DC00D07AEC /* AVComposition.swift */,
				D0ABD9DF2311E5680092698C /* Testing.playground */,
				D0ABD9DD2311BC390092698C /* bell.caf */,
				D0B5422722F7213800A0D90D /* AppDelegate.swift */,
				D0B5422922F7213800A0D90D /* SceneDelegate.swift */,
				21F75842236C752E00EBB6AB /* Views */,
				D0D0967A231360500066CE66 /* Current.swift */,
				D0B5422D22F7213A00A0D90D /* Assets.xcassets */,
				D0B5423222F7213A00A0D90D /* LaunchScreen.storyboard */,
				D0B5423522F7213A00A0D90D /* Info.plist */,
				D0B5423F22F78B6900A0D90D /* meditationsData.json */,
				D0B5424122F9FBED00A0D90D /* 91196__surly__buddhist-prayer-bell.wav */,
				D0B5424322FA693800A0D90D /* 91196__surly__buddhist-prayer-bell-cut.wav */,
				D0B5422F22F7213A00A0D90D /* Preview Content */,
			);
			path = "Strong Karma";
			sourceTree = "<group>";
		};
		D0B5422F22F7213A00A0D90D /* Preview Content */ = {
			isa = PBXGroup;
			children = (
				D0B5423022F7213A00A0D90D /* Preview Assets.xcassets */,
			);
			path = "Preview Content";
			sourceTree = "<group>";
		};
/* End PBXGroup section */

/* Begin PBXNativeTarget section */
		21F94EA32485CCCC00239523 /* Strong KarmaTests */ = {
			isa = PBXNativeTarget;
			buildConfigurationList = 21F94EAD2485CCCC00239523 /* Build configuration list for PBXNativeTarget "Strong KarmaTests" */;
			buildPhases = (
				21F94EA02485CCCC00239523 /* Sources */,
				21F94EA12485CCCC00239523 /* Frameworks */,
				21F94EA22485CCCC00239523 /* Resources */,
				2115CED72495546000190F42 /* Embed Frameworks */,
			);
			buildRules = (
			);
			dependencies = (
				21F94EAA2485CCCC00239523 /* PBXTargetDependency */,
			);
			name = "Strong KarmaTests";
			packageProductDependencies = (
			);
			productName = "Strong KarmaTests";
			productReference = 21F94EA42485CCCC00239523 /* Strong KarmaTests.xctest */;
			productType = "com.apple.product-type.bundle.unit-test";
		};
		D0B5422322F7213800A0D90D /* Strong Karma */ = {
			isa = PBXNativeTarget;
			buildConfigurationList = D0B5423822F7213A00A0D90D /* Build configuration list for PBXNativeTarget "Strong Karma" */;
			buildPhases = (
				D0B5422022F7213800A0D90D /* Sources */,
				D0B5422122F7213800A0D90D /* Frameworks */,
				D0B5422222F7213800A0D90D /* Resources */,
				21B0951824620BA300C2994C /* Embed Frameworks */,
			);
			buildRules = (
			);
			dependencies = (
			);
			name = "Strong Karma";
			packageProductDependencies = (
				21809C3C242FA26200AEED4B /* CasePaths */,
				21EF5441249560CA00D07AEC /* ComposableArchitecture */,
				D03780F2278128F100585CB4 /* Models */,
				D03780F42781303800585CB4 /* PickerFeature */,
				D03780F727816B7D00585CB4 /* ComposableUserNotifications */,
			);
			productName = "Strong Karma";
			productReference = D0B5422422F7213800A0D90D /* Strong Karma.app */;
			productType = "com.apple.product-type.application";
		};
/* End PBXNativeTarget section */

/* Begin PBXProject section */
		D0B5421C22F7213800A0D90D /* Project object */ = {
			isa = PBXProject;
			attributes = {
				LastSwiftUpdateCheck = 1150;
				LastUpgradeCheck = 1210;
				ORGANIZATIONNAME = "Justin Smith";
				TargetAttributes = {
					21F94EA32485CCCC00239523 = {
						CreatedOnToolsVersion = 11.5;
						TestTargetID = D0B5422322F7213800A0D90D;
					};
					D0B5422322F7213800A0D90D = {
						CreatedOnToolsVersion = 11.0;
					};
				};
			};
			buildConfigurationList = D0B5421F22F7213800A0D90D /* Build configuration list for PBXProject "Strong Karma" */;
			compatibilityVersion = "Xcode 9.3";
			developmentRegion = en;
			hasScannedForEncodings = 0;
			knownRegions = (
				en,
				Base,
			);
			mainGroup = D0B5421B22F7213800A0D90D;
			packageReferences = (
				21809C3B242FA26200AEED4B /* XCRemoteSwiftPackageReference "swift-case-paths" */,
				21B0951124620BA300C2994C /* XCRemoteSwiftPackageReference "swift-composable-architecture" */,
				D03780F627816B7D00585CB4 /* XCRemoteSwiftPackageReference "composable-user-notifications" */,
			);
			productRefGroup = D0B5422522F7213800A0D90D /* Products */;
			projectDirPath = "";
			projectRoot = "";
			targets = (
				D0B5422322F7213800A0D90D /* Strong Karma */,
				21F94EA32485CCCC00239523 /* Strong KarmaTests */,
			);
		};
/* End PBXProject section */

/* Begin PBXResourcesBuildPhase section */
		21F94EA22485CCCC00239523 /* Resources */ = {
			isa = PBXResourcesBuildPhase;
			buildActionMask = 2147483647;
			files = (
			);
			runOnlyForDeploymentPostprocessing = 0;
		};
		D0B5422222F7213800A0D90D /* Resources */ = {
			isa = PBXResourcesBuildPhase;
			buildActionMask = 2147483647;
			files = (
				D0B5423422F7213A00A0D90D /* LaunchScreen.storyboard in Resources */,
				D0B5424422FA693800A0D90D /* 91196__surly__buddhist-prayer-bell-cut.wav in Resources */,
				D0B5423122F7213A00A0D90D /* Preview Assets.xcassets in Resources */,
				D0B5422E22F7213A00A0D90D /* Assets.xcassets in Resources */,
				D0B5424222F9FBED00A0D90D /* 91196__surly__buddhist-prayer-bell.wav in Resources */,
				D0ABD9DE2311BF3B0092698C /* bell.caf in Resources */,
				D0B5424022F78F9D00A0D90D /* meditationsData.json in Resources */,
			);
			runOnlyForDeploymentPostprocessing = 0;
		};
/* End PBXResourcesBuildPhase section */

/* Begin PBXSourcesBuildPhase section */
		21F94EA02485CCCC00239523 /* Sources */ = {
			isa = PBXSourcesBuildPhase;
			buildActionMask = 2147483647;
			files = (
				21F94EA72485CCCC00239523 /* Strong_KarmaTests.swift in Sources */,
			);
			runOnlyForDeploymentPostprocessing = 0;
		};
		D0B5422022F7213800A0D90D /* Sources */ = {
			isa = PBXSourcesBuildPhase;
			buildActionMask = 2147483647;
			files = (
				D0B5422822F7213800A0D90D /* AppDelegate.swift in Sources */,
				2150E08A246893C80056B07D /* TimerBottom.swift in Sources */,
				21CE37162369F0CA00DBCD53 /* TextView.swift in Sources */,
				21F75840236C696A00EBB6AB /* PrepView.swift in Sources */,
				D0D0967B231360500066CE66 /* Current.swift in Sources */,
				2150E08B246893E10056B07D /* ListView.swift in Sources */,
				21F5DFCA2364ACDC00C10E23 /* EditEntryView.swift in Sources */,
				2150E089246893AB0056B07D /* AppReducer.swift in Sources */,
				21F5DFCC2364B8F900C10E23 /* ListItemView.swift in Sources */,
				D0ABD9E1231215310092698C /* Type.swift in Sources */,
				D0B5422A22F7213800A0D90D /* SceneDelegate.swift in Sources */,
				D00790E3232EBF8B00C2370F /* MiscViews.swift in Sources */,
				21EF5444249574DC00D07AEC /* AVComposition.swift in Sources */,
			);
			runOnlyForDeploymentPostprocessing = 0;
		};
/* End PBXSourcesBuildPhase section */

/* Begin PBXTargetDependency section */
		21F94EAA2485CCCC00239523 /* PBXTargetDependency */ = {
			isa = PBXTargetDependency;
			target = D0B5422322F7213800A0D90D /* Strong Karma */;
			targetProxy = 21F94EA92485CCCC00239523 /* PBXContainerItemProxy */;
		};
/* End PBXTargetDependency section */

/* Begin PBXVariantGroup section */
		D0B5423222F7213A00A0D90D /* LaunchScreen.storyboard */ = {
			isa = PBXVariantGroup;
			children = (
				D0B5423322F7213A00A0D90D /* Base */,
			);
			name = LaunchScreen.storyboard;
			sourceTree = "<group>";
		};
/* End PBXVariantGroup section */

/* Begin XCBuildConfiguration section */
		21F94EAB2485CCCC00239523 /* Debug */ = {
			isa = XCBuildConfiguration;
			buildSettings = {
				BUNDLE_LOADER = "$(TEST_HOST)";
				CODE_SIGN_STYLE = Automatic;
				DEVELOPMENT_TEAM = V69QAU95S7;
				INFOPLIST_FILE = "Strong KarmaTests/Info.plist";
				IPHONEOS_DEPLOYMENT_TARGET = 13.5;
				LD_RUNPATH_SEARCH_PATHS = (
					"$(inherited)",
					"@executable_path/Frameworks",
					"@loader_path/Frameworks",
				);
				PRODUCT_BUNDLE_IDENTIFIER = "com.eventor.nus.Strong-KarmaTests";
				PRODUCT_NAME = "$(TARGET_NAME)";
				SWIFT_VERSION = 5.0;
				TARGETED_DEVICE_FAMILY = "1,2";
				TEST_HOST = "$(BUILT_PRODUCTS_DIR)/Strong Karma.app/Strong Karma";
			};
			name = Debug;
		};
		21F94EAC2485CCCC00239523 /* Release */ = {
			isa = XCBuildConfiguration;
			buildSettings = {
				BUNDLE_LOADER = "$(TEST_HOST)";
				CODE_SIGN_STYLE = Automatic;
				DEVELOPMENT_TEAM = V69QAU95S7;
				INFOPLIST_FILE = "Strong KarmaTests/Info.plist";
				IPHONEOS_DEPLOYMENT_TARGET = 13.5;
				LD_RUNPATH_SEARCH_PATHS = (
					"$(inherited)",
					"@executable_path/Frameworks",
					"@loader_path/Frameworks",
				);
				ONLY_ACTIVE_ARCH = YES;
				PRODUCT_BUNDLE_IDENTIFIER = "com.eventor.nus.Strong-KarmaTests";
				PRODUCT_NAME = "$(TARGET_NAME)";
				SWIFT_VERSION = 5.0;
				TARGETED_DEVICE_FAMILY = "1,2";
				TEST_HOST = "$(BUILT_PRODUCTS_DIR)/Strong Karma.app/Strong Karma";
			};
			name = Release;
		};
		D0B5423622F7213A00A0D90D /* Debug */ = {
			isa = XCBuildConfiguration;
			buildSettings = {
				ALWAYS_SEARCH_USER_PATHS = NO;
				CLANG_ANALYZER_NONNULL = YES;
				CLANG_ANALYZER_NUMBER_OBJECT_CONVERSION = YES_AGGRESSIVE;
				CLANG_CXX_LANGUAGE_STANDARD = "gnu++14";
				CLANG_CXX_LIBRARY = "libc++";
				CLANG_ENABLE_MODULES = YES;
				CLANG_ENABLE_OBJC_ARC = YES;
				CLANG_ENABLE_OBJC_WEAK = YES;
				CLANG_WARN_BLOCK_CAPTURE_AUTORELEASING = YES;
				CLANG_WARN_BOOL_CONVERSION = YES;
				CLANG_WARN_COMMA = YES;
				CLANG_WARN_CONSTANT_CONVERSION = YES;
				CLANG_WARN_DEPRECATED_OBJC_IMPLEMENTATIONS = YES;
				CLANG_WARN_DIRECT_OBJC_ISA_USAGE = YES_ERROR;
				CLANG_WARN_DOCUMENTATION_COMMENTS = YES;
				CLANG_WARN_EMPTY_BODY = YES;
				CLANG_WARN_ENUM_CONVERSION = YES;
				CLANG_WARN_INFINITE_RECURSION = YES;
				CLANG_WARN_INT_CONVERSION = YES;
				CLANG_WARN_NON_LITERAL_NULL_CONVERSION = YES;
				CLANG_WARN_OBJC_IMPLICIT_RETAIN_SELF = YES;
				CLANG_WARN_OBJC_LITERAL_CONVERSION = YES;
				CLANG_WARN_OBJC_ROOT_CLASS = YES_ERROR;
				CLANG_WARN_QUOTED_INCLUDE_IN_FRAMEWORK_HEADER = YES;
				CLANG_WARN_RANGE_LOOP_ANALYSIS = YES;
				CLANG_WARN_STRICT_PROTOTYPES = YES;
				CLANG_WARN_SUSPICIOUS_MOVE = YES;
				CLANG_WARN_UNGUARDED_AVAILABILITY = YES_AGGRESSIVE;
				CLANG_WARN_UNREACHABLE_CODE = YES;
				CLANG_WARN__DUPLICATE_METHOD_MATCH = YES;
				COPY_PHASE_STRIP = NO;
				DEBUG_INFORMATION_FORMAT = dwarf;
				ENABLE_STRICT_OBJC_MSGSEND = YES;
				ENABLE_TESTABILITY = YES;
				GCC_C_LANGUAGE_STANDARD = gnu11;
				GCC_DYNAMIC_NO_PIC = NO;
				GCC_NO_COMMON_BLOCKS = YES;
				GCC_OPTIMIZATION_LEVEL = 0;
				GCC_PREPROCESSOR_DEFINITIONS = (
					"DEBUG=1",
					"$(inherited)",
				);
				GCC_WARN_64_TO_32_BIT_CONVERSION = YES;
				GCC_WARN_ABOUT_RETURN_TYPE = YES_ERROR;
				GCC_WARN_UNDECLARED_SELECTOR = YES;
				GCC_WARN_UNINITIALIZED_AUTOS = YES_AGGRESSIVE;
				GCC_WARN_UNUSED_FUNCTION = YES;
				GCC_WARN_UNUSED_VARIABLE = YES;
				IPHONEOS_DEPLOYMENT_TARGET = 15.0;
				MTL_ENABLE_DEBUG_INFO = INCLUDE_SOURCE;
				MTL_FAST_MATH = YES;
				ONLY_ACTIVE_ARCH = YES;
				SDKROOT = iphoneos;
				SWIFT_ACTIVE_COMPILATION_CONDITIONS = DEBUG;
				SWIFT_OPTIMIZATION_LEVEL = "-Onone";
			};
			name = Debug;
		};
		D0B5423722F7213A00A0D90D /* Release */ = {
			isa = XCBuildConfiguration;
			buildSettings = {
				ALWAYS_SEARCH_USER_PATHS = NO;
				CLANG_ANALYZER_NONNULL = YES;
				CLANG_ANALYZER_NUMBER_OBJECT_CONVERSION = YES_AGGRESSIVE;
				CLANG_CXX_LANGUAGE_STANDARD = "gnu++14";
				CLANG_CXX_LIBRARY = "libc++";
				CLANG_ENABLE_MODULES = YES;
				CLANG_ENABLE_OBJC_ARC = YES;
				CLANG_ENABLE_OBJC_WEAK = YES;
				CLANG_WARN_BLOCK_CAPTURE_AUTORELEASING = YES;
				CLANG_WARN_BOOL_CONVERSION = YES;
				CLANG_WARN_COMMA = YES;
				CLANG_WARN_CONSTANT_CONVERSION = YES;
				CLANG_WARN_DEPRECATED_OBJC_IMPLEMENTATIONS = YES;
				CLANG_WARN_DIRECT_OBJC_ISA_USAGE = YES_ERROR;
				CLANG_WARN_DOCUMENTATION_COMMENTS = YES;
				CLANG_WARN_EMPTY_BODY = YES;
				CLANG_WARN_ENUM_CONVERSION = YES;
				CLANG_WARN_INFINITE_RECURSION = YES;
				CLANG_WARN_INT_CONVERSION = YES;
				CLANG_WARN_NON_LITERAL_NULL_CONVERSION = YES;
				CLANG_WARN_OBJC_IMPLICIT_RETAIN_SELF = YES;
				CLANG_WARN_OBJC_LITERAL_CONVERSION = YES;
				CLANG_WARN_OBJC_ROOT_CLASS = YES_ERROR;
				CLANG_WARN_QUOTED_INCLUDE_IN_FRAMEWORK_HEADER = YES;
				CLANG_WARN_RANGE_LOOP_ANALYSIS = YES;
				CLANG_WARN_STRICT_PROTOTYPES = YES;
				CLANG_WARN_SUSPICIOUS_MOVE = YES;
				CLANG_WARN_UNGUARDED_AVAILABILITY = YES_AGGRESSIVE;
				CLANG_WARN_UNREACHABLE_CODE = YES;
				CLANG_WARN__DUPLICATE_METHOD_MATCH = YES;
				COPY_PHASE_STRIP = NO;
				DEBUG_INFORMATION_FORMAT = "dwarf-with-dsym";
				ENABLE_NS_ASSERTIONS = NO;
				ENABLE_STRICT_OBJC_MSGSEND = YES;
				GCC_C_LANGUAGE_STANDARD = gnu11;
				GCC_NO_COMMON_BLOCKS = YES;
				GCC_WARN_64_TO_32_BIT_CONVERSION = YES;
				GCC_WARN_ABOUT_RETURN_TYPE = YES_ERROR;
				GCC_WARN_UNDECLARED_SELECTOR = YES;
				GCC_WARN_UNINITIALIZED_AUTOS = YES_AGGRESSIVE;
				GCC_WARN_UNUSED_FUNCTION = YES;
				GCC_WARN_UNUSED_VARIABLE = YES;
				IPHONEOS_DEPLOYMENT_TARGET = 15.0;
				MTL_ENABLE_DEBUG_INFO = NO;
				MTL_FAST_MATH = YES;
				SDKROOT = iphoneos;
				SWIFT_COMPILATION_MODE = wholemodule;
				SWIFT_OPTIMIZATION_LEVEL = "-O";
				VALIDATE_PRODUCT = YES;
			};
			name = Release;
		};
		D0B5423922F7213A00A0D90D /* Debug */ = {
			isa = XCBuildConfiguration;
			buildSettings = {
				ASSETCATALOG_COMPILER_APPICON_NAME = AppIcon;
				CODE_SIGN_STYLE = Automatic;
				CURRENT_PROJECT_VERSION = 2;
				DEVELOPMENT_ASSET_PATHS = "\"Strong Karma\"/Preview\\ Content";
				DEVELOPMENT_TEAM = V69QAU95S7;
				ENABLE_PREVIEWS = YES;
				INFOPLIST_FILE = "Strong Karma/Info.plist";
				LD_RUNPATH_SEARCH_PATHS = (
					"$(inherited)",
					"@executable_path/Frameworks",
				);
				MARKETING_VERSION = 0.1;
				PRODUCT_BUNDLE_IDENTIFIER = build.heini.apps.strongkarma;
				PRODUCT_NAME = "$(TARGET_NAME)";
				SWIFT_VERSION = 5.0;
				TARGETED_DEVICE_FAMILY = "1,2";
			};
			name = Debug;
		};
		D0B5423A22F7213A00A0D90D /* Release */ = {
			isa = XCBuildConfiguration;
			buildSettings = {
				ASSETCATALOG_COMPILER_APPICON_NAME = AppIcon;
				CODE_SIGN_STYLE = Automatic;
				CURRENT_PROJECT_VERSION = 2;
				DEVELOPMENT_ASSET_PATHS = "\"Strong Karma\"/Preview\\ Content";
				DEVELOPMENT_TEAM = V69QAU95S7;
				ENABLE_PREVIEWS = YES;
				INFOPLIST_FILE = "Strong Karma/Info.plist";
				LD_RUNPATH_SEARCH_PATHS = (
					"$(inherited)",
					"@executable_path/Frameworks",
				);
				MARKETING_VERSION = 0.1;
				PRODUCT_BUNDLE_IDENTIFIER = build.heini.apps.strongkarma;
				PRODUCT_NAME = "$(TARGET_NAME)";
				SWIFT_VERSION = 5.0;
				TARGETED_DEVICE_FAMILY = "1,2";
			};
			name = Release;
		};
/* End XCBuildConfiguration section */

/* Begin XCConfigurationList section */
		21F94EAD2485CCCC00239523 /* Build configuration list for PBXNativeTarget "Strong KarmaTests" */ = {
			isa = XCConfigurationList;
			buildConfigurations = (
				21F94EAB2485CCCC00239523 /* Debug */,
				21F94EAC2485CCCC00239523 /* Release */,
			);
			defaultConfigurationIsVisible = 0;
			defaultConfigurationName = Release;
		};
		D0B5421F22F7213800A0D90D /* Build configuration list for PBXProject "Strong Karma" */ = {
			isa = XCConfigurationList;
			buildConfigurations = (
				D0B5423622F7213A00A0D90D /* Debug */,
				D0B5423722F7213A00A0D90D /* Release */,
			);
			defaultConfigurationIsVisible = 0;
			defaultConfigurationName = Release;
		};
		D0B5423822F7213A00A0D90D /* Build configuration list for PBXNativeTarget "Strong Karma" */ = {
			isa = XCConfigurationList;
			buildConfigurations = (
				D0B5423922F7213A00A0D90D /* Debug */,
				D0B5423A22F7213A00A0D90D /* Release */,
			);
			defaultConfigurationIsVisible = 0;
			defaultConfigurationName = Release;
		};
/* End XCConfigurationList section */

/* Begin XCRemoteSwiftPackageReference section */
		21809C3B242FA26200AEED4B /* XCRemoteSwiftPackageReference "swift-case-paths" */ = {
			isa = XCRemoteSwiftPackageReference;
			repositoryURL = "https://github.com/pointfreeco/swift-case-paths.git";
			requirement = {
				kind = upToNextMajorVersion;
				minimumVersion = 0.1.0;
			};
		};
		21B0951124620BA300C2994C /* XCRemoteSwiftPackageReference "swift-composable-architecture" */ = {
			isa = XCRemoteSwiftPackageReference;
			repositoryURL = "https://github.com/pointfreeco/swift-composable-architecture";
			requirement = {
				kind = upToNextMajorVersion;
				minimumVersion = 0.1.0;
			};
		};
		D03780F627816B7D00585CB4 /* XCRemoteSwiftPackageReference "composable-user-notifications" */ = {
			isa = XCRemoteSwiftPackageReference;
			repositoryURL = "https://github.com/miiha/composable-user-notifications";
			requirement = {
				kind = upToNextMajorVersion;
				minimumVersion = 0.2.0;
			};
		};
/* End XCRemoteSwiftPackageReference section */

/* Begin XCSwiftPackageProductDependency section */
		21809C3C242FA26200AEED4B /* CasePaths */ = {
			isa = XCSwiftPackageProductDependency;
			package = 21809C3B242FA26200AEED4B /* XCRemoteSwiftPackageReference "swift-case-paths" */;
			productName = CasePaths;
		};
		21EF5441249560CA00D07AEC /* ComposableArchitecture */ = {
			isa = XCSwiftPackageProductDependency;
			package = 21B0951124620BA300C2994C /* XCRemoteSwiftPackageReference "swift-composable-architecture" */;
			productName = ComposableArchitecture;
		};
		D03780F2278128F100585CB4 /* Models */ = {
			isa = XCSwiftPackageProductDependency;
			productName = Models;
		};
		D03780F42781303800585CB4 /* PickerFeature */ = {
			isa = XCSwiftPackageProductDependency;
			productName = PickerFeature;
		};
		D03780F727816B7D00585CB4 /* ComposableUserNotifications */ = {
			isa = XCSwiftPackageProductDependency;
			package = D03780F627816B7D00585CB4 /* XCRemoteSwiftPackageReference "composable-user-notifications" */;
			productName = ComposableUserNotifications;
		};
/* End XCSwiftPackageProductDependency section */
	};
	rootObject = D0B5421C22F7213800A0D90D /* Project object */;
}
