// !$*UTF8*$!
{
	archiveVersion = 1;
	classes = {
	};
	objectVersion = 50;
	objects = {

/* Begin PBXBuildFile section */
		21CE37162369F0CA00DBCD53 /* TextView.swift in Sources */ = {isa = PBXBuildFile; fileRef = 21CE37152369F0CA00DBCD53 /* TextView.swift */; };
		21F5DFCA2364ACDC00C10E23 /* SwiftUIView.swift in Sources */ = {isa = PBXBuildFile; fileRef = 21F5DFC92364ACDC00C10E23 /* SwiftUIView.swift */; };
		21F5DFCC2364B8F900C10E23 /* EntryCellView.swift in Sources */ = {isa = PBXBuildFile; fileRef = 21F5DFCB2364B8F900C10E23 /* EntryCellView.swift */; };
		21F5DFCE2364BCB500C10E23 /* ComposableArchitecture.swift in Sources */ = {isa = PBXBuildFile; fileRef = 21F5DFCD2364BCB500C10E23 /* ComposableArchitecture.swift */; };
		21F75840236C696A00EBB6AB /* PrepView.swift in Sources */ = {isa = PBXBuildFile; fileRef = 21F7583F236C696A00EBB6AB /* PrepView.swift */; };
		D00790E3232EBF8B00C2370F /* MiscViews.swift in Sources */ = {isa = PBXBuildFile; fileRef = D00790E2232EBF8B00C2370F /* MiscViews.swift */; };
		D0ABD9B723119DD50092698C /* Reducer.swift in Sources */ = {isa = PBXBuildFile; fileRef = D0ABD9B623119DD50092698C /* Reducer.swift */; };
		D0ABD9DE2311BF3B0092698C /* bell.caf in Resources */ = {isa = PBXBuildFile; fileRef = D0ABD9DD2311BC390092698C /* bell.caf */; };
		D0ABD9E1231215310092698C /* NewMeditationView.swift in Sources */ = {isa = PBXBuildFile; fileRef = D0ABD9E0231215310092698C /* NewMeditationView.swift */; };
		D0B5422822F7213800A0D90D /* AppDelegate.swift in Sources */ = {isa = PBXBuildFile; fileRef = D0B5422722F7213800A0D90D /* AppDelegate.swift */; };
		D0B5422A22F7213800A0D90D /* SceneDelegate.swift in Sources */ = {isa = PBXBuildFile; fileRef = D0B5422922F7213800A0D90D /* SceneDelegate.swift */; };
		D0B5422C22F7213800A0D90D /* ContentView.swift in Sources */ = {isa = PBXBuildFile; fileRef = D0B5422B22F7213800A0D90D /* ContentView.swift */; };
		D0B5422E22F7213A00A0D90D /* Assets.xcassets in Resources */ = {isa = PBXBuildFile; fileRef = D0B5422D22F7213A00A0D90D /* Assets.xcassets */; };
		D0B5423122F7213A00A0D90D /* Preview Assets.xcassets in Resources */ = {isa = PBXBuildFile; fileRef = D0B5423022F7213A00A0D90D /* Preview Assets.xcassets */; };
		D0B5423422F7213A00A0D90D /* LaunchScreen.storyboard in Resources */ = {isa = PBXBuildFile; fileRef = D0B5423222F7213A00A0D90D /* LaunchScreen.storyboard */; };
		D0B5423C22F721B300A0D90D /* Meditation.swift in Sources */ = {isa = PBXBuildFile; fileRef = D0B5423B22F721B300A0D90D /* Meditation.swift */; };
		D0B5424022F78F9D00A0D90D /* meditationsData.json in Resources */ = {isa = PBXBuildFile; fileRef = D0B5423F22F78B6900A0D90D /* meditationsData.json */; };
		D0B5424222F9FBED00A0D90D /* 91196__surly__buddhist-prayer-bell.wav in Resources */ = {isa = PBXBuildFile; fileRef = D0B5424122F9FBED00A0D90D /* 91196__surly__buddhist-prayer-bell.wav */; };
		D0B5424422FA693800A0D90D /* 91196__surly__buddhist-prayer-bell-cut.wav in Resources */ = {isa = PBXBuildFile; fileRef = D0B5424322FA693800A0D90D /* 91196__surly__buddhist-prayer-bell-cut.wav */; };
		D0D0967B231360500066CE66 /* Current.swift in Sources */ = {isa = PBXBuildFile; fileRef = D0D0967A231360500066CE66 /* Current.swift */; };
/* End PBXBuildFile section */

/* Begin PBXFileReference section */
		21CE37152369F0CA00DBCD53 /* TextView.swift */ = {isa = PBXFileReference; lastKnownFileType = sourcecode.swift; path = TextView.swift; sourceTree = "<group>"; };
		21F5DFC92364ACDC00C10E23 /* SwiftUIView.swift */ = {isa = PBXFileReference; lastKnownFileType = sourcecode.swift; path = SwiftUIView.swift; sourceTree = "<group>"; };
		21F5DFCB2364B8F900C10E23 /* EntryCellView.swift */ = {isa = PBXFileReference; lastKnownFileType = sourcecode.swift; path = EntryCellView.swift; sourceTree = "<group>"; };
		21F5DFCD2364BCB500C10E23 /* ComposableArchitecture.swift */ = {isa = PBXFileReference; lastKnownFileType = sourcecode.swift; path = ComposableArchitecture.swift; sourceTree = "<group>"; };
		21F7583F236C696A00EBB6AB /* PrepView.swift */ = {isa = PBXFileReference; lastKnownFileType = sourcecode.swift; path = PrepView.swift; sourceTree = "<group>"; };
		D00790E2232EBF8B00C2370F /* MiscViews.swift */ = {isa = PBXFileReference; lastKnownFileType = sourcecode.swift; path = MiscViews.swift; sourceTree = "<group>"; };
		D0ABD9B623119DD50092698C /* Reducer.swift */ = {isa = PBXFileReference; lastKnownFileType = sourcecode.swift; path = Reducer.swift; sourceTree = "<group>"; };
		D0ABD9DD2311BC390092698C /* bell.caf */ = {isa = PBXFileReference; lastKnownFileType = file; path = bell.caf; sourceTree = "<group>"; };
		D0ABD9DF2311E5680092698C /* Testing.playground */ = {isa = PBXFileReference; lastKnownFileType = file.playground; path = Testing.playground; sourceTree = "<group>"; xcLanguageSpecificationIdentifier = xcode.lang.swift; };
		D0ABD9E0231215310092698C /* NewMeditationView.swift */ = {isa = PBXFileReference; lastKnownFileType = sourcecode.swift; path = NewMeditationView.swift; sourceTree = "<group>"; };
		D0B5422422F7213800A0D90D /* Strong Karma.app */ = {isa = PBXFileReference; explicitFileType = wrapper.application; includeInIndex = 0; path = "Strong Karma.app"; sourceTree = BUILT_PRODUCTS_DIR; };
		D0B5422722F7213800A0D90D /* AppDelegate.swift */ = {isa = PBXFileReference; lastKnownFileType = sourcecode.swift; path = AppDelegate.swift; sourceTree = "<group>"; };
		D0B5422922F7213800A0D90D /* SceneDelegate.swift */ = {isa = PBXFileReference; lastKnownFileType = sourcecode.swift; path = SceneDelegate.swift; sourceTree = "<group>"; };
		D0B5422B22F7213800A0D90D /* ContentView.swift */ = {isa = PBXFileReference; lastKnownFileType = sourcecode.swift; path = ContentView.swift; sourceTree = "<group>"; };
		D0B5422D22F7213A00A0D90D /* Assets.xcassets */ = {isa = PBXFileReference; lastKnownFileType = folder.assetcatalog; path = Assets.xcassets; sourceTree = "<group>"; };
		D0B5423022F7213A00A0D90D /* Preview Assets.xcassets */ = {isa = PBXFileReference; lastKnownFileType = folder.assetcatalog; path = "Preview Assets.xcassets"; sourceTree = "<group>"; };
		D0B5423322F7213A00A0D90D /* Base */ = {isa = PBXFileReference; lastKnownFileType = file.storyboard; name = Base; path = Base.lproj/LaunchScreen.storyboard; sourceTree = "<group>"; };
		D0B5423522F7213A00A0D90D /* Info.plist */ = {isa = PBXFileReference; lastKnownFileType = text.plist.xml; path = Info.plist; sourceTree = "<group>"; };
		D0B5423B22F721B300A0D90D /* Meditation.swift */ = {isa = PBXFileReference; lastKnownFileType = sourcecode.swift; path = Meditation.swift; sourceTree = "<group>"; };
		D0B5423F22F78B6900A0D90D /* meditationsData.json */ = {isa = PBXFileReference; lastKnownFileType = text.json; path = meditationsData.json; sourceTree = "<group>"; };
		D0B5424122F9FBED00A0D90D /* 91196__surly__buddhist-prayer-bell.wav */ = {isa = PBXFileReference; lastKnownFileType = audio.wav; path = "91196__surly__buddhist-prayer-bell.wav"; sourceTree = "<group>"; };
		D0B5424322FA693800A0D90D /* 91196__surly__buddhist-prayer-bell-cut.wav */ = {isa = PBXFileReference; lastKnownFileType = audio.wav; path = "91196__surly__buddhist-prayer-bell-cut.wav"; sourceTree = "<group>"; };
		D0D0967A231360500066CE66 /* Current.swift */ = {isa = PBXFileReference; lastKnownFileType = sourcecode.swift; path = Current.swift; sourceTree = "<group>"; };
/* End PBXFileReference section */

/* Begin PBXFrameworksBuildPhase section */
		D0B5422122F7213800A0D90D /* Frameworks */ = {
			isa = PBXFrameworksBuildPhase;
			buildActionMask = 2147483647;
			files = (
			);
			runOnlyForDeploymentPostprocessing = 0;
		};
/* End PBXFrameworksBuildPhase section */

/* Begin PBXGroup section */
		21CE37172369F0CF00DBCD53 /* Supplimental Views */ = {
			isa = PBXGroup;
			children = (
				21CE37152369F0CA00DBCD53 /* TextView.swift */,
			);
			path = "Supplimental Views";
			sourceTree = "<group>";
		};
		21F75841236C734E00EBB6AB /* Subviews */ = {
			isa = PBXGroup;
			children = (
				21F7583F236C696A00EBB6AB /* PrepView.swift */,
			);
			path = Subviews;
			sourceTree = "<group>";
		};
		D0B5421B22F7213800A0D90D = {
			isa = PBXGroup;
			children = (
				D0B5422622F7213800A0D90D /* Strong Karma */,
				D0B5422522F7213800A0D90D /* Products */,
			);
			sourceTree = "<group>";
		};
		D0B5422522F7213800A0D90D /* Products */ = {
			isa = PBXGroup;
			children = (
				D0B5422422F7213800A0D90D /* Strong Karma.app */,
			);
			name = Products;
			sourceTree = "<group>";
		};
		D0B5422622F7213800A0D90D /* Strong Karma */ = {
			isa = PBXGroup;
			children = (
				D0ABD9DF2311E5680092698C /* Testing.playground */,
				D0ABD9DD2311BC390092698C /* bell.caf */,
				D0B5422722F7213800A0D90D /* AppDelegate.swift */,
				D0B5422922F7213800A0D90D /* SceneDelegate.swift */,
				D0B5422B22F7213800A0D90D /* ContentView.swift */,
				D00790E2232EBF8B00C2370F /* MiscViews.swift */,
				21F5DFC92364ACDC00C10E23 /* SwiftUIView.swift */,
				21CE37172369F0CF00DBCD53 /* Supplimental Views */,
				21F5DFCB2364B8F900C10E23 /* EntryCellView.swift */,
				D0ABD9B623119DD50092698C /* Reducer.swift */,
				21F5DFCD2364BCB500C10E23 /* ComposableArchitecture.swift */,
				D0D0967A231360500066CE66 /* Current.swift */,
				D0ABD9E0231215310092698C /* NewMeditationView.swift */,
				21F75841236C734E00EBB6AB /* Subviews */,
				D0B5423B22F721B300A0D90D /* Meditation.swift */,
				D0B5422D22F7213A00A0D90D /* Assets.xcassets */,
				D0B5423222F7213A00A0D90D /* LaunchScreen.storyboard */,
				D0B5423522F7213A00A0D90D /* Info.plist */,
				D0B5423F22F78B6900A0D90D /* meditationsData.json */,
				D0B5424122F9FBED00A0D90D /* 91196__surly__buddhist-prayer-bell.wav */,
				D0B5424322FA693800A0D90D /* 91196__surly__buddhist-prayer-bell-cut.wav */,
				D0B5422F22F7213A00A0D90D /* Preview Content */,
			);
			path = "Strong Karma";
			sourceTree = "<group>";
		};
		D0B5422F22F7213A00A0D90D /* Preview Content */ = {
			isa = PBXGroup;
			children = (
				D0B5423022F7213A00A0D90D /* Preview Assets.xcassets */,
			);
			path = "Preview Content";
			sourceTree = "<group>";
		};
/* End PBXGroup section */

/* Begin PBXNativeTarget section */
		D0B5422322F7213800A0D90D /* Strong Karma */ = {
			isa = PBXNativeTarget;
			buildConfigurationList = D0B5423822F7213A00A0D90D /* Build configuration list for PBXNativeTarget "Strong Karma" */;
			buildPhases = (
				D0B5422022F7213800A0D90D /* Sources */,
				D0B5422122F7213800A0D90D /* Frameworks */,
				D0B5422222F7213800A0D90D /* Resources */,
			);
			buildRules = (
			);
			dependencies = (
			);
			name = "Strong Karma";
			productName = "Strong Karma";
			productReference = D0B5422422F7213800A0D90D /* Strong Karma.app */;
			productType = "com.apple.product-type.application";
		};
/* End PBXNativeTarget section */

/* Begin PBXProject section */
		D0B5421C22F7213800A0D90D /* Project object */ = {
			isa = PBXProject;
			attributes = {
				LastSwiftUpdateCheck = 1100;
				LastUpgradeCheck = 1100;
				ORGANIZATIONNAME = "Justin Smith";
				TargetAttributes = {
					D0B5422322F7213800A0D90D = {
						CreatedOnToolsVersion = 11.0;
					};
				};
			};
			buildConfigurationList = D0B5421F22F7213800A0D90D /* Build configuration list for PBXProject "Strong Karma" */;
			compatibilityVersion = "Xcode 9.3";
			developmentRegion = en;
			hasScannedForEncodings = 0;
			knownRegions = (
				en,
				Base,
			);
			mainGroup = D0B5421B22F7213800A0D90D;
			productRefGroup = D0B5422522F7213800A0D90D /* Products */;
			projectDirPath = "";
			projectRoot = "";
			targets = (
				D0B5422322F7213800A0D90D /* Strong Karma */,
			);
		};
/* End PBXProject section */

/* Begin PBXResourcesBuildPhase section */
		D0B5422222F7213800A0D90D /* Resources */ = {
			isa = PBXResourcesBuildPhase;
			buildActionMask = 2147483647;
			files = (
				D0B5423422F7213A00A0D90D /* LaunchScreen.storyboard in Resources */,
				D0B5424422FA693800A0D90D /* 91196__surly__buddhist-prayer-bell-cut.wav in Resources */,
				D0B5423122F7213A00A0D90D /* Preview Assets.xcassets in Resources */,
				D0B5422E22F7213A00A0D90D /* Assets.xcassets in Resources */,
				D0B5424222F9FBED00A0D90D /* 91196__surly__buddhist-prayer-bell.wav in Resources */,
				D0ABD9DE2311BF3B0092698C /* bell.caf in Resources */,
				D0B5424022F78F9D00A0D90D /* meditationsData.json in Resources */,
			);
			runOnlyForDeploymentPostprocessing = 0;
		};
/* End PBXResourcesBuildPhase section */

/* Begin PBXSourcesBuildPhase section */
		D0B5422022F7213800A0D90D /* Sources */ = {
			isa = PBXSourcesBuildPhase;
			buildActionMask = 2147483647;
			files = (
				D0B5422822F7213800A0D90D /* AppDelegate.swift in Sources */,
				D0B5423C22F721B300A0D90D /* Meditation.swift in Sources */,
				21CE37162369F0CA00DBCD53 /* TextView.swift in Sources */,
				21F5DFCE2364BCB500C10E23 /* ComposableArchitecture.swift in Sources */,
				21F75840236C696A00EBB6AB /* PrepView.swift in Sources */,
				D0D0967B231360500066CE66 /* Current.swift in Sources */,
				21F5DFCA2364ACDC00C10E23 /* SwiftUIView.swift in Sources */,
				D0ABD9B723119DD50092698C /* Reducer.swift in Sources */,
				21F5DFCC2364B8F900C10E23 /* EntryCellView.swift in Sources */,
				D0ABD9E1231215310092698C /* NewMeditationView.swift in Sources */,
				D0B5422A22F7213800A0D90D /* SceneDelegate.swift in Sources */,
				D00790E3232EBF8B00C2370F /* MiscViews.swift in Sources */,
				D0B5422C22F7213800A0D90D /* ContentView.swift in Sources */,
			);
			runOnlyForDeploymentPostprocessing = 0;
		};
/* End PBXSourcesBuildPhase section */

/* Begin PBXVariantGroup section */
		D0B5423222F7213A00A0D90D /* LaunchScreen.storyboard */ = {
			isa = PBXVariantGroup;
			children = (
				D0B5423322F7213A00A0D90D /* Base */,
			);
			name = LaunchScreen.storyboard;
			sourceTree = "<group>";
		};
/* End PBXVariantGroup section */

/* Begin XCBuildConfiguration section */
		D0B5423622F7213A00A0D90D /* Debug */ = {
			isa = XCBuildConfiguration;
			buildSettings = {
				ALWAYS_SEARCH_USER_PATHS = NO;
				CLANG_ANALYZER_NONNULL = YES;
				CLANG_ANALYZER_NUMBER_OBJECT_CONVERSION = YES_AGGRESSIVE;
				CLANG_CXX_LANGUAGE_STANDARD = "gnu++14";
				CLANG_CXX_LIBRARY = "libc++";
				CLANG_ENABLE_MODULES = YES;
				CLANG_ENABLE_OBJC_ARC = YES;
				CLANG_ENABLE_OBJC_WEAK = YES;
				CLANG_WARN_BLOCK_CAPTURE_AUTORELEASING = YES;
				CLANG_WARN_BOOL_CONVERSION = YES;
				CLANG_WARN_COMMA = YES;
				CLANG_WARN_CONSTANT_CONVERSION = YES;
				CLANG_WARN_DEPRECATED_OBJC_IMPLEMENTATIONS = YES;
				CLANG_WARN_DIRECT_OBJC_ISA_USAGE = YES_ERROR;
				CLANG_WARN_DOCUMENTATION_COMMENTS = YES;
				CLANG_WARN_EMPTY_BODY = YES;
				CLANG_WARN_ENUM_CONVERSION = YES;
				CLANG_WARN_INFINITE_RECURSION = YES;
				CLANG_WARN_INT_CONVERSION = YES;
				CLANG_WARN_NON_LITERAL_NULL_CONVERSION = YES;
				CLANG_WARN_OBJC_IMPLICIT_RETAIN_SELF = YES;
				CLANG_WARN_OBJC_LITERAL_CONVERSION = YES;
				CLANG_WARN_OBJC_ROOT_CLASS = YES_ERROR;
				CLANG_WARN_RANGE_LOOP_ANALYSIS = YES;
				CLANG_WARN_STRICT_PROTOTYPES = YES;
				CLANG_WARN_SUSPICIOUS_MOVE = YES;
				CLANG_WARN_UNGUARDED_AVAILABILITY = YES_AGGRESSIVE;
				CLANG_WARN_UNREACHABLE_CODE = YES;
				CLANG_WARN__DUPLICATE_METHOD_MATCH = YES;
				COPY_PHASE_STRIP = NO;
				DEBUG_INFORMATION_FORMAT = dwarf;
				ENABLE_STRICT_OBJC_MSGSEND = YES;
				ENABLE_TESTABILITY = YES;
				GCC_C_LANGUAGE_STANDARD = gnu11;
				GCC_DYNAMIC_NO_PIC = NO;
				GCC_NO_COMMON_BLOCKS = YES;
				GCC_OPTIMIZATION_LEVEL = 0;
				GCC_PREPROCESSOR_DEFINITIONS = (
					"DEBUG=1",
					"$(inherited)",
				);
				GCC_WARN_64_TO_32_BIT_CONVERSION = YES;
				GCC_WARN_ABOUT_RETURN_TYPE = YES_ERROR;
				GCC_WARN_UNDECLARED_SELECTOR = YES;
				GCC_WARN_UNINITIALIZED_AUTOS = YES_AGGRESSIVE;
				GCC_WARN_UNUSED_FUNCTION = YES;
				GCC_WARN_UNUSED_VARIABLE = YES;
				IPHONEOS_DEPLOYMENT_TARGET = 13.0;
				MTL_ENABLE_DEBUG_INFO = INCLUDE_SOURCE;
				MTL_FAST_MATH = YES;
				ONLY_ACTIVE_ARCH = YES;
				SDKROOT = iphoneos;
				SWIFT_ACTIVE_COMPILATION_CONDITIONS = DEBUG;
				SWIFT_OPTIMIZATION_LEVEL = "-Onone";
			};
			name = Debug;
		};
		D0B5423722F7213A00A0D90D /* Release */ = {
			isa = XCBuildConfiguration;
			buildSettings = {
				ALWAYS_SEARCH_USER_PATHS = NO;
				CLANG_ANALYZER_NONNULL = YES;
				CLANG_ANALYZER_NUMBER_OBJECT_CONVERSION = YES_AGGRESSIVE;
				CLANG_CXX_LANGUAGE_STANDARD = "gnu++14";
				CLANG_CXX_LIBRARY = "libc++";
				CLANG_ENABLE_MODULES = YES;
				CLANG_ENABLE_OBJC_ARC = YES;
				CLANG_ENABLE_OBJC_WEAK = YES;
				CLANG_WARN_BLOCK_CAPTURE_AUTORELEASING = YES;
				CLANG_WARN_BOOL_CONVERSION = YES;
				CLANG_WARN_COMMA = YES;
				CLANG_WARN_CONSTANT_CONVERSION = YES;
				CLANG_WARN_DEPRECATED_OBJC_IMPLEMENTATIONS = YES;
				CLANG_WARN_DIRECT_OBJC_ISA_USAGE = YES_ERROR;
				CLANG_WARN_DOCUMENTATION_COMMENTS = YES;
				CLANG_WARN_EMPTY_BODY = YES;
				CLANG_WARN_ENUM_CONVERSION = YES;
				CLANG_WARN_INFINITE_RECURSION = YES;
				CLANG_WARN_INT_CONVERSION = YES;
				CLANG_WARN_NON_LITERAL_NULL_CONVERSION = YES;
				CLANG_WARN_OBJC_IMPLICIT_RETAIN_SELF = YES;
				CLANG_WARN_OBJC_LITERAL_CONVERSION = YES;
				CLANG_WARN_OBJC_ROOT_CLASS = YES_ERROR;
				CLANG_WARN_RANGE_LOOP_ANALYSIS = YES;
				CLANG_WARN_STRICT_PROTOTYPES = YES;
				CLANG_WARN_SUSPICIOUS_MOVE = YES;
				CLANG_WARN_UNGUARDED_AVAILABILITY = YES_AGGRESSIVE;
				CLANG_WARN_UNREACHABLE_CODE = YES;
				CLANG_WARN__DUPLICATE_METHOD_MATCH = YES;
				COPY_PHASE_STRIP = NO;
				DEBUG_INFORMATION_FORMAT = "dwarf-with-dsym";
				ENABLE_NS_ASSERTIONS = NO;
				ENABLE_STRICT_OBJC_MSGSEND = YES;
				GCC_C_LANGUAGE_STANDARD = gnu11;
				GCC_NO_COMMON_BLOCKS = YES;
				GCC_WARN_64_TO_32_BIT_CONVERSION = YES;
				GCC_WARN_ABOUT_RETURN_TYPE = YES_ERROR;
				GCC_WARN_UNDECLARED_SELECTOR = YES;
				GCC_WARN_UNINITIALIZED_AUTOS = YES_AGGRESSIVE;
				GCC_WARN_UNUSED_FUNCTION = YES;
				GCC_WARN_UNUSED_VARIABLE = YES;
				IPHONEOS_DEPLOYMENT_TARGET = 13.0;
				MTL_ENABLE_DEBUG_INFO = NO;
				MTL_FAST_MATH = YES;
				SDKROOT = iphoneos;
				SWIFT_COMPILATION_MODE = wholemodule;
				SWIFT_OPTIMIZATION_LEVEL = "-O";
				VALIDATE_PRODUCT = YES;
			};
			name = Release;
		};
		D0B5423922F7213A00A0D90D /* Debug */ = {
			isa = XCBuildConfiguration;
			buildSettings = {
				ASSETCATALOG_COMPILER_APPICON_NAME = AppIcon;
				CODE_SIGN_STYLE = Automatic;
				DEVELOPMENT_ASSET_PATHS = "\"Strong Karma\"/Preview\\ Content";
				DEVELOPMENT_TEAM = V69QAU95S7;
				ENABLE_PREVIEWS = YES;
				INFOPLIST_FILE = "Strong Karma/Info.plist";
				LD_RUNPATH_SEARCH_PATHS = (
					"$(inherited)",
					"@executable_path/Frameworks",
				);
				PRODUCT_BUNDLE_IDENTIFIER = "com.sound.sands.mac.Strong-Karma";
				PRODUCT_NAME = "$(TARGET_NAME)";
				SWIFT_VERSION = 5.0;
				TARGETED_DEVICE_FAMILY = "1,2";
			};
			name = Debug;
		};
		D0B5423A22F7213A00A0D90D /* Release */ = {
			isa = XCBuildConfiguration;
			buildSettings = {
				ASSETCATALOG_COMPILER_APPICON_NAME = AppIcon;
				CODE_SIGN_STYLE = Automatic;
				DEVELOPMENT_ASSET_PATHS = "\"Strong Karma\"/Preview\\ Content";
				DEVELOPMENT_TEAM = V69QAU95S7;
				ENABLE_PREVIEWS = YES;
				INFOPLIST_FILE = "Strong Karma/Info.plist";
				LD_RUNPATH_SEARCH_PATHS = (
					"$(inherited)",
					"@executable_path/Frameworks",
				);
				PRODUCT_BUNDLE_IDENTIFIER = "com.sound.sands.mac.Strong-Karma";
				PRODUCT_NAME = "$(TARGET_NAME)";
				SWIFT_VERSION = 5.0;
				TARGETED_DEVICE_FAMILY = "1,2";
			};
			name = Release;
		};
/* End XCBuildConfiguration section */

/* Begin XCConfigurationList section */
		D0B5421F22F7213800A0D90D /* Build configuration list for PBXProject "Strong Karma" */ = {
			isa = XCConfigurationList;
			buildConfigurations = (
				D0B5423622F7213A00A0D90D /* Debug */,
				D0B5423722F7213A00A0D90D /* Release */,
			);
			defaultConfigurationIsVisible = 0;
			defaultConfigurationName = Release;
		};
		D0B5423822F7213A00A0D90D /* Build configuration list for PBXNativeTarget "Strong Karma" */ = {
			isa = XCConfigurationList;
			buildConfigurations = (
				D0B5423922F7213A00A0D90D /* Debug */,
				D0B5423A22F7213A00A0D90D /* Release */,
			);
			defaultConfigurationIsVisible = 0;
			defaultConfigurationName = Release;
		};
/* End XCConfigurationList section */
	};
	rootObject = D0B5421C22F7213800A0D90D /* Project object */;
}
